// !$*UTF8*$!
{
	archiveVersion = 1;
	classes = {
	};
	objectVersion = 54;
	objects = {

/* Begin PBXBuildFile section */
		00E356F31AD99517003FC87E /* TMSTests.m in Sources */ = {isa = PBXBuildFile; fileRef = 00E356F21AD99517003FC87E /* TMSTests.m */; };
		0C80B921A6F3F58F76C31292 /* libPods-TMS.a in Frameworks */ = {isa = PBXBuildFile; fileRef = 5DCACB8F33CDC322A6C60F78 /* libPods-TMS.a */; };
		13B07FBC1A68108700A75B9A /* AppDelegate.mm in Sources */ = {isa = PBXBuildFile; fileRef = 13B07FB01A68108700A75B9A /* AppDelegate.mm */; };
		13B07FBF1A68108700A75B9A /* Images.xcassets in Resources */ = {isa = PBXBuildFile; fileRef = 13B07FB51A68108700A75B9A /* Images.xcassets */; };
		13B07FC11A68108700A75B9A /* main.m in Sources */ = {isa = PBXBuildFile; fileRef = 13B07FB71A68108700A75B9A /* main.m */; };
		7699B88040F8A987B510C191 /* libPods-TMS-TMSTests.a in Frameworks */ = {isa = PBXBuildFile; fileRef = 19F6CBCC0A4E27FBF8BF4A61 /* libPods-TMS-TMSTests.a */; };
		81AB9BB82411601600AC10FF /* LaunchScreen.storyboard in Resources */ = {isa = PBXBuildFile; fileRef = 81AB9BB72411601600AC10FF /* LaunchScreen.storyboard */; };
		39C80F7686384E848225DF36 /* Montserrat-Black.ttf in Resources */ = {isa = PBXBuildFile; fileRef = BDD78864661D45B3B0194C04 /* Montserrat-Black.ttf */; };
		33A64F55169349C6B2874925 /* Montserrat-BlackItalic.ttf in Resources */ = {isa = PBXBuildFile; fileRef = BAEC545A41584310B9C98090 /* Montserrat-BlackItalic.ttf */; };
		A42AA7FE78774F9CA4A8B5A0 /* Montserrat-Bold.ttf in Resources */ = {isa = PBXBuildFile; fileRef = 75AD286B111045169B694E42 /* Montserrat-Bold.ttf */; };
		B2A4EA133E5549F8A6921258 /* Montserrat-BoldItalic.ttf in Resources */ = {isa = PBXBuildFile; fileRef = E6F4A1D74F5841179FE90960 /* Montserrat-BoldItalic.ttf */; };
		BB8E14E126B44B66BE873F46 /* Montserrat-ExtraBold.ttf in Resources */ = {isa = PBXBuildFile; fileRef = D27E6347014A4C21972E4369 /* Montserrat-ExtraBold.ttf */; };
		AC53516F5CEF474A91698671 /* Montserrat-ExtraBoldItalic.ttf in Resources */ = {isa = PBXBuildFile; fileRef = A3C70A01D8AC429196568927 /* Montserrat-ExtraBoldItalic.ttf */; };
		37C576C44AF8498BB0B70878 /* Montserrat-ExtraLight.ttf in Resources */ = {isa = PBXBuildFile; fileRef = BA3661A6107D4A84ADC11876 /* Montserrat-ExtraLight.ttf */; };
		3E617B57052949A49A52C45B /* Montserrat-ExtraLightItalic.ttf in Resources */ = {isa = PBXBuildFile; fileRef = FB23F71E542E401C820B96C5 /* Montserrat-ExtraLightItalic.ttf */; };
		6970BF5EC7284573B1ADD520 /* Montserrat-Italic-VariableFont_wght.ttf in Resources */ = {isa = PBXBuildFile; fileRef = 49E0F0CB95944C9FA64A0EE5 /* Montserrat-Italic-VariableFont_wght.ttf */; };
		D8786CA1E966497E823E99BE /* Montserrat-Italic.ttf in Resources */ = {isa = PBXBuildFile; fileRef = ABB4CA3D13614FD381F2826C /* Montserrat-Italic.ttf */; };
		E27BE719C52B471C9E6D60A1 /* Montserrat-Light.ttf in Resources */ = {isa = PBXBuildFile; fileRef = B06B6837A32F44E6947ECFE7 /* Montserrat-Light.ttf */; };
		2ECE6C25E0AC4B79877C1937 /* Montserrat-LightItalic.ttf in Resources */ = {isa = PBXBuildFile; fileRef = 68421A589C5144A492A5F4EC /* Montserrat-LightItalic.ttf */; };
		A1788EE0F4724BA589A2CDD3 /* Montserrat-Medium.ttf in Resources */ = {isa = PBXBuildFile; fileRef = C3D3D6577D35451B9354BBBA /* Montserrat-Medium.ttf */; };
		7284BBEE17A74DF292CD5DF2 /* Montserrat-MediumItalic.ttf in Resources */ = {isa = PBXBuildFile; fileRef = CDA8C92FA327482CAE33795B /* Montserrat-MediumItalic.ttf */; };
		C85A24AA4626441B8DF96AA0 /* Montserrat-Regular.ttf in Resources */ = {isa = PBXBuildFile; fileRef = 91855C4D0F734F2AA388947B /* Montserrat-Regular.ttf */; };
		54ADAE5E6C064C9F922B7F98 /* Montserrat-SemiBold.ttf in Resources */ = {isa = PBXBuildFile; fileRef = EF7FA93E9AD24E8F913D4F21 /* Montserrat-SemiBold.ttf */; };
		022EB9E207D944E5A3FB6E2A /* Montserrat-SemiBoldItalic.ttf in Resources */ = {isa = PBXBuildFile; fileRef = 673AC855862843318F143280 /* Montserrat-SemiBoldItalic.ttf */; };
		64E16791E9334E12942371EF /* Montserrat-Thin.ttf in Resources */ = {isa = PBXBuildFile; fileRef = 6B73335617884D30A83FB0C9 /* Montserrat-Thin.ttf */; };
		5F108C0FF6774BCC9CE3F790 /* Montserrat-ThinItalic.ttf in Resources */ = {isa = PBXBuildFile; fileRef = 3BD81FF7818A4E609AA687D5 /* Montserrat-ThinItalic.ttf */; };
		1653472F0A654E2D91D314FC /* Montserrat-VariableFont_wght.ttf in Resources */ = {isa = PBXBuildFile; fileRef = 001C7A5E9AAC4E53BF4B73E3 /* Montserrat-VariableFont_wght.ttf */; };
		5385EB7AA0FE403B8C37BD2D /* Roboto-Black.ttf in Resources */ = {isa = PBXBuildFile; fileRef = DBB78D6A50A04F63AC00529B /* Roboto-Black.ttf */; };
		A2B6D96C9D164E53814CCB5A /* Roboto-BlackItalic.ttf in Resources */ = {isa = PBXBuildFile; fileRef = CC5F2781644D4E6D85E0CC51 /* Roboto-BlackItalic.ttf */; };
		7A859127A08743198D0B585D /* Roboto-Bold.ttf in Resources */ = {isa = PBXBuildFile; fileRef = 20EAB00DC43A4B67932615FF /* Roboto-Bold.ttf */; };
		FCEA7955443B4329A2E3564C /* Roboto-BoldItalic.ttf in Resources */ = {isa = PBXBuildFile; fileRef = 91EC957107674AAF83C806B9 /* Roboto-BoldItalic.ttf */; };
		4EF1DBA88E1D443188E2AF3D /* Roboto-Italic.ttf in Resources */ = {isa = PBXBuildFile; fileRef = 8BE49C6EC253457BAA4D5D30 /* Roboto-Italic.ttf */; };
		359B51538E2D413CAA06F5DA /* Roboto-Light.ttf in Resources */ = {isa = PBXBuildFile; fileRef = 86CE5F1C84B9421583DF1819 /* Roboto-Light.ttf */; };
		78C0637E497F4CA0B566A61C /* Roboto-LightItalic.ttf in Resources */ = {isa = PBXBuildFile; fileRef = 916A2D450FA84BEE8F8E00D9 /* Roboto-LightItalic.ttf */; };
		AC6C1AE3AD5C4FA48FC17007 /* Roboto-Medium.ttf in Resources */ = {isa = PBXBuildFile; fileRef = CA4FC5C6249D4B1BB5A6FC9C /* Roboto-Medium.ttf */; };
		7FC0253F30D44B7582C6FED5 /* Roboto-MediumItalic.ttf in Resources */ = {isa = PBXBuildFile; fileRef = BDC93C615D814D448A804E5C /* Roboto-MediumItalic.ttf */; };
		F56029420D9A45198C7A88E3 /* Roboto-Regular.ttf in Resources */ = {isa = PBXBuildFile; fileRef = 459B51FD415848BEAC96C8FA /* Roboto-Regular.ttf */; };
		71789417B6EB42E5A7A2F147 /* Roboto-Thin.ttf in Resources */ = {isa = PBXBuildFile; fileRef = B98DBF021B324035B82A2F3D /* Roboto-Thin.ttf */; };
		B3EE11FB896045D8BA011CBB /* Roboto-ThinItalic.ttf in Resources */ = {isa = PBXBuildFile; fileRef = CDDB10F01A8548C2B72456BF /* Roboto-ThinItalic.ttf */; };
		724C3C9F02AD4CB088E483D6 /* Lora-Bold.ttf in Resources */ = {isa = PBXBuildFile; fileRef = C354954F12A548AA9DF07591 /* Lora-Bold.ttf */; };
		58AF466C5F404661962E680E /* Lora-BoldItalic.ttf in Resources */ = {isa = PBXBuildFile; fileRef = 3932F0F217E141E7BA21BF59 /* Lora-BoldItalic.ttf */; };
		DB0859180D724361B4213073 /* Lora-Italic.ttf in Resources */ = {isa = PBXBuildFile; fileRef = 42F24E70865E494C84078523 /* Lora-Italic.ttf */; };
		FBC885A806EC4333A881A854 /* Lora-Medium.ttf in Resources */ = {isa = PBXBuildFile; fileRef = 3474ED1BD91549CA9C43CBB0 /* Lora-Medium.ttf */; };
		ED98130AB97F49B9ABB58D40 /* Lora-MediumItalic.ttf in Resources */ = {isa = PBXBuildFile; fileRef = 0E2560EB59834EC4BEBAC0C2 /* Lora-MediumItalic.ttf */; };
		3AB27B8073D440D59C7F4FD3 /* Lora-Regular.ttf in Resources */ = {isa = PBXBuildFile; fileRef = 0CA342A133BC4A9189BB0A7B /* Lora-Regular.ttf */; };
		C766D51D16AF4769A80618F3 /* Lora-SemiBold.ttf in Resources */ = {isa = PBXBuildFile; fileRef = 48A35B8DCC094CBA973C1A21 /* Lora-SemiBold.ttf */; };
		F2F9D42665794744A7FAAFC2 /* Lora-SemiBoldItalic.ttf in Resources */ = {isa = PBXBuildFile; fileRef = 359A391E36784E34AD3370AA /* Lora-SemiBoldItalic.ttf */; };
		DF2DAE0894DF4D36AF52C026 /* PlayfairDisplay-Black.ttf in Resources */ = {isa = PBXBuildFile; fileRef = 15D9F349DB064D808C25BF42 /* PlayfairDisplay-Black.ttf */; };
		DEA9A7C4D274476081C29603 /* PlayfairDisplay-BlackItalic.ttf in Resources */ = {isa = PBXBuildFile; fileRef = 55F5C68340FA43C5B2CBC14F /* PlayfairDisplay-BlackItalic.ttf */; };
		442C8DA0FD3E406E80B40942 /* PlayfairDisplay-Bold.ttf in Resources */ = {isa = PBXBuildFile; fileRef = 5215C6F0275541D082BCC554 /* PlayfairDisplay-Bold.ttf */; };
		24287F068FAF41CFB88A9754 /* PlayfairDisplay-BoldItalic.ttf in Resources */ = {isa = PBXBuildFile; fileRef = 1CA2EA3C7A9A4CEC94A4F69E /* PlayfairDisplay-BoldItalic.ttf */; };
		90FF2BE9CCD14F218C759996 /* PlayfairDisplay-ExtraBold.ttf in Resources */ = {isa = PBXBuildFile; fileRef = 9E5C9213392D4819A28948AD /* PlayfairDisplay-ExtraBold.ttf */; };
		FCEB6DD4FD494728A8976804 /* PlayfairDisplay-ExtraBoldItalic.ttf in Resources */ = {isa = PBXBuildFile; fileRef = F376F5AD2A0E4B21A568CF98 /* PlayfairDisplay-ExtraBoldItalic.ttf */; };
		7AB0F6AC08DB415E893E0AB0 /* PlayfairDisplay-Italic.ttf in Resources */ = {isa = PBXBuildFile; fileRef = 5072662E7E534E6B9172E21E /* PlayfairDisplay-Italic.ttf */; };
		350DB11467AC4D4EA7B257A4 /* PlayfairDisplay-Medium.ttf in Resources */ = {isa = PBXBuildFile; fileRef = 3AE1B19B2ACC444EA1E3DE69 /* PlayfairDisplay-Medium.ttf */; };
		E3F27F745DBA4ED194A7C658 /* PlayfairDisplay-MediumItalic.ttf in Resources */ = {isa = PBXBuildFile; fileRef = 1285B57348C4463F89737BCE /* PlayfairDisplay-MediumItalic.ttf */; };
		94D061FD6A4D4922B7559FA7 /* PlayfairDisplay-Regular.ttf in Resources */ = {isa = PBXBuildFile; fileRef = A87BBFDCD44340B9868BEC84 /* PlayfairDisplay-Regular.ttf */; };
		BB3667D95F574C90B47EB416 /* PlayfairDisplay-SemiBold.ttf in Resources */ = {isa = PBXBuildFile; fileRef = B1F51883434E430E971E696F /* PlayfairDisplay-SemiBold.ttf */; };
		07B95486E6BA40BE9436E681 /* PlayfairDisplay-SemiBoldItalic.ttf in Resources */ = {isa = PBXBuildFile; fileRef = A2B9586C6854452A94B951BA /* PlayfairDisplay-SemiBoldItalic.ttf */; };
		B419E03B68FF40D99D19A490 /* FiraSans-Black.ttf in Resources */ = {isa = PBXBuildFile; fileRef = FCC792D400C04907A4D8C31E /* FiraSans-Black.ttf */; };
		C3D21FFDDA174E7EB580968A /* FiraSans-BlackItalic.ttf in Resources */ = {isa = PBXBuildFile; fileRef = DFE650D8F0554D678C623BEF /* FiraSans-BlackItalic.ttf */; };
		18F2B6EDF98143E0B95CE04B /* FiraSans-Bold.ttf in Resources */ = {isa = PBXBuildFile; fileRef = 4BE08907A3E34916BAAEC0EF /* FiraSans-Bold.ttf */; };
		D5645D5876E449919DE742D8 /* FiraSans-BoldItalic.ttf in Resources */ = {isa = PBXBuildFile; fileRef = FF69CE0F4EEC47F5A08E27D7 /* FiraSans-BoldItalic.ttf */; };
		CA9C4BDB71C147129599964C /* FiraSans-ExtraBold.ttf in Resources */ = {isa = PBXBuildFile; fileRef = 70E235CC006E4B208C0FEDCC /* FiraSans-ExtraBold.ttf */; };
		252BD7CBBB4B494C8F02E8B5 /* FiraSans-ExtraBoldItalic.ttf in Resources */ = {isa = PBXBuildFile; fileRef = A1647910C1C64DC585D93B44 /* FiraSans-ExtraBoldItalic.ttf */; };
		2461C04B71324EC1804BD3B0 /* FiraSans-ExtraLight.ttf in Resources */ = {isa = PBXBuildFile; fileRef = 00E6AD813EF34F899031EE9E /* FiraSans-ExtraLight.ttf */; };
		C74B48923F28447C8F2E7A37 /* FiraSans-ExtraLightItalic.ttf in Resources */ = {isa = PBXBuildFile; fileRef = 2C1D81F5DF7A4413BF1B23F5 /* FiraSans-ExtraLightItalic.ttf */; };
		B5002A05653F4CE188D70803 /* FiraSans-Italic.ttf in Resources */ = {isa = PBXBuildFile; fileRef = 4552713FBB2C4D1ABB63CBA8 /* FiraSans-Italic.ttf */; };
		A045F19F701D46AFBC2A5F32 /* FiraSans-Light.ttf in Resources */ = {isa = PBXBuildFile; fileRef = 0C48003AA5C04461BDFFB31C /* FiraSans-Light.ttf */; };
		A58B36CEFF334FAAA28DAEEC /* FiraSans-LightItalic.ttf in Resources */ = {isa = PBXBuildFile; fileRef = CAB73CA3007B4856AB4A5DDC /* FiraSans-LightItalic.ttf */; };
		556603B822194A6B9AFB27EF /* FiraSans-Medium.ttf in Resources */ = {isa = PBXBuildFile; fileRef = 284BBEAC861A48729FB6A9CF /* FiraSans-Medium.ttf */; };
		FEF585D0C1AC4F6780C49C3E /* FiraSans-MediumItalic.ttf in Resources */ = {isa = PBXBuildFile; fileRef = C157668B53934170BFB91532 /* FiraSans-MediumItalic.ttf */; };
		9B9B44C8D73B487DA50CF689 /* FiraSans-Regular.ttf in Resources */ = {isa = PBXBuildFile; fileRef = 315D62BB2E804857BA4415B7 /* FiraSans-Regular.ttf */; };
		B17D31FA031942ECADC10D3A /* FiraSans-SemiBold.ttf in Resources */ = {isa = PBXBuildFile; fileRef = 71A75FDBC5B147C2AD9DE49D /* FiraSans-SemiBold.ttf */; };
		F7FB421C909D4C1F96596571 /* FiraSans-SemiBoldItalic.ttf in Resources */ = {isa = PBXBuildFile; fileRef = 5DE37ED2EF7E4F3C8BC60AA8 /* FiraSans-SemiBoldItalic.ttf */; };
		2038280F231A4FE7917C08DB /* FiraSans-Thin.ttf in Resources */ = {isa = PBXBuildFile; fileRef = 541BDDA082DD4DBBBBFEB374 /* FiraSans-Thin.ttf */; };
		DA1FE61A332C4E988601057B /* FiraSans-ThinItalic.ttf in Resources */ = {isa = PBXBuildFile; fileRef = 891E34CDADB742F3A8A3DE51 /* FiraSans-ThinItalic.ttf */; };
/* End PBXBuildFile section */

/* Begin PBXContainerItemProxy section */
		00E356F41AD99517003FC87E /* PBXContainerItemProxy */ = {
			isa = PBXContainerItemProxy;
			containerPortal = 83CBB9F71A601CBA00E9B192 /* Project object */;
			proxyType = 1;
			remoteGlobalIDString = 13B07F861A680F5B00A75B9A;
			remoteInfo = TMS;
		};
/* End PBXContainerItemProxy section */

/* Begin PBXFileReference section */
		00E356EE1AD99517003FC87E /* TMSTests.xctest */ = {isa = PBXFileReference; explicitFileType = wrapper.cfbundle; includeInIndex = 0; path = TMSTests.xctest; sourceTree = BUILT_PRODUCTS_DIR; };
		00E356F11AD99517003FC87E /* Info.plist */ = {isa = PBXFileReference; lastKnownFileType = text.plist.xml; path = Info.plist; sourceTree = "<group>"; };
		00E356F21AD99517003FC87E /* TMSTests.m */ = {isa = PBXFileReference; lastKnownFileType = sourcecode.c.objc; path = TMSTests.m; sourceTree = "<group>"; };
		13B07F961A680F5B00A75B9A /* TMS.app */ = {isa = PBXFileReference; explicitFileType = wrapper.application; includeInIndex = 0; path = TMS.app; sourceTree = BUILT_PRODUCTS_DIR; };
		13B07FAF1A68108700A75B9A /* AppDelegate.h */ = {isa = PBXFileReference; fileEncoding = 4; lastKnownFileType = sourcecode.c.h; name = AppDelegate.h; path = TMS/AppDelegate.h; sourceTree = "<group>"; };
		13B07FB01A68108700A75B9A /* AppDelegate.mm */ = {isa = PBXFileReference; fileEncoding = 4; lastKnownFileType = sourcecode.cpp.objcpp; name = AppDelegate.mm; path = TMS/AppDelegate.mm; sourceTree = "<group>"; };
		13B07FB51A68108700A75B9A /* Images.xcassets */ = {isa = PBXFileReference; lastKnownFileType = folder.assetcatalog; name = Images.xcassets; path = TMS/Images.xcassets; sourceTree = "<group>"; };
		13B07FB61A68108700A75B9A /* Info.plist */ = {isa = PBXFileReference; fileEncoding = 4; lastKnownFileType = text.plist.xml; name = Info.plist; path = TMS/Info.plist; sourceTree = "<group>"; };
		13B07FB71A68108700A75B9A /* main.m */ = {isa = PBXFileReference; fileEncoding = 4; lastKnownFileType = sourcecode.c.objc; name = main.m; path = TMS/main.m; sourceTree = "<group>"; };
		13B07FB81A68108700A75B9A /* PrivacyInfo.xcprivacy */ = {isa = PBXFileReference; fileEncoding = 4; lastKnownFileType = text.plist.xml; name = PrivacyInfo.xcprivacy; path = TMS/PrivacyInfo.xcprivacy; sourceTree = "<group>"; };
		19F6CBCC0A4E27FBF8BF4A61 /* libPods-TMS-TMSTests.a */ = {isa = PBXFileReference; explicitFileType = archive.ar; includeInIndex = 0; path = "libPods-TMS-TMSTests.a"; sourceTree = BUILT_PRODUCTS_DIR; };
		3B4392A12AC88292D35C810B /* Pods-TMS.debug.xcconfig */ = {isa = PBXFileReference; includeInIndex = 1; lastKnownFileType = text.xcconfig; name = "Pods-TMS.debug.xcconfig"; path = "Target Support Files/Pods-TMS/Pods-TMS.debug.xcconfig"; sourceTree = "<group>"; };
		5709B34CF0A7D63546082F79 /* Pods-TMS.release.xcconfig */ = {isa = PBXFileReference; includeInIndex = 1; lastKnownFileType = text.xcconfig; name = "Pods-TMS.release.xcconfig"; path = "Target Support Files/Pods-TMS/Pods-TMS.release.xcconfig"; sourceTree = "<group>"; };
		5B7EB9410499542E8C5724F5 /* Pods-TMS-TMSTests.debug.xcconfig */ = {isa = PBXFileReference; includeInIndex = 1; lastKnownFileType = text.xcconfig; name = "Pods-TMS-TMSTests.debug.xcconfig"; path = "Target Support Files/Pods-TMS-TMSTests/Pods-TMS-TMSTests.debug.xcconfig"; sourceTree = "<group>"; };
		5DCACB8F33CDC322A6C60F78 /* libPods-TMS.a */ = {isa = PBXFileReference; explicitFileType = archive.ar; includeInIndex = 0; path = "libPods-TMS.a"; sourceTree = BUILT_PRODUCTS_DIR; };
		81AB9BB72411601600AC10FF /* LaunchScreen.storyboard */ = {isa = PBXFileReference; fileEncoding = 4; lastKnownFileType = file.storyboard; name = LaunchScreen.storyboard; path = TMS/LaunchScreen.storyboard; sourceTree = "<group>"; };
		89C6BE57DB24E9ADA2F236DE /* Pods-TMS-TMSTests.release.xcconfig */ = {isa = PBXFileReference; includeInIndex = 1; lastKnownFileType = text.xcconfig; name = "Pods-TMS-TMSTests.release.xcconfig"; path = "Target Support Files/Pods-TMS-TMSTests/Pods-TMS-TMSTests.release.xcconfig"; sourceTree = "<group>"; };
		ED297162215061F000B7C4FE /* JavaScriptCore.framework */ = {isa = PBXFileReference; lastKnownFileType = wrapper.framework; name = JavaScriptCore.framework; path = System/Library/Frameworks/JavaScriptCore.framework; sourceTree = SDKROOT; };
		BDD78864661D45B3B0194C04 /* Montserrat-Black.ttf */ = {isa = PBXFileReference; name = "Montserrat-Black.ttf"; path = "../src/assets/Fonts/Montserrat-Black.ttf"; sourceTree = "<group>"; fileEncoding = undefined; lastKnownFileType = unknown; explicitFileType = undefined; includeInIndex = 0; };
		BAEC545A41584310B9C98090 /* Montserrat-BlackItalic.ttf */ = {isa = PBXFileReference; name = "Montserrat-BlackItalic.ttf"; path = "../src/assets/Fonts/Montserrat-BlackItalic.ttf"; sourceTree = "<group>"; fileEncoding = undefined; lastKnownFileType = unknown; explicitFileType = undefined; includeInIndex = 0; };
		75AD286B111045169B694E42 /* Montserrat-Bold.ttf */ = {isa = PBXFileReference; name = "Montserrat-Bold.ttf"; path = "../src/assets/Fonts/Montserrat-Bold.ttf"; sourceTree = "<group>"; fileEncoding = undefined; lastKnownFileType = unknown; explicitFileType = undefined; includeInIndex = 0; };
		E6F4A1D74F5841179FE90960 /* Montserrat-BoldItalic.ttf */ = {isa = PBXFileReference; name = "Montserrat-BoldItalic.ttf"; path = "../src/assets/Fonts/Montserrat-BoldItalic.ttf"; sourceTree = "<group>"; fileEncoding = undefined; lastKnownFileType = unknown; explicitFileType = undefined; includeInIndex = 0; };
		D27E6347014A4C21972E4369 /* Montserrat-ExtraBold.ttf */ = {isa = PBXFileReference; name = "Montserrat-ExtraBold.ttf"; path = "../src/assets/Fonts/Montserrat-ExtraBold.ttf"; sourceTree = "<group>"; fileEncoding = undefined; lastKnownFileType = unknown; explicitFileType = undefined; includeInIndex = 0; };
		A3C70A01D8AC429196568927 /* Montserrat-ExtraBoldItalic.ttf */ = {isa = PBXFileReference; name = "Montserrat-ExtraBoldItalic.ttf"; path = "../src/assets/Fonts/Montserrat-ExtraBoldItalic.ttf"; sourceTree = "<group>"; fileEncoding = undefined; lastKnownFileType = unknown; explicitFileType = undefined; includeInIndex = 0; };
		BA3661A6107D4A84ADC11876 /* Montserrat-ExtraLight.ttf */ = {isa = PBXFileReference; name = "Montserrat-ExtraLight.ttf"; path = "../src/assets/Fonts/Montserrat-ExtraLight.ttf"; sourceTree = "<group>"; fileEncoding = undefined; lastKnownFileType = unknown; explicitFileType = undefined; includeInIndex = 0; };
		FB23F71E542E401C820B96C5 /* Montserrat-ExtraLightItalic.ttf */ = {isa = PBXFileReference; name = "Montserrat-ExtraLightItalic.ttf"; path = "../src/assets/Fonts/Montserrat-ExtraLightItalic.ttf"; sourceTree = "<group>"; fileEncoding = undefined; lastKnownFileType = unknown; explicitFileType = undefined; includeInIndex = 0; };
		49E0F0CB95944C9FA64A0EE5 /* Montserrat-Italic-VariableFont_wght.ttf */ = {isa = PBXFileReference; name = "Montserrat-Italic-VariableFont_wght.ttf"; path = "../src/assets/Fonts/Montserrat-Italic-VariableFont_wght.ttf"; sourceTree = "<group>"; fileEncoding = undefined; lastKnownFileType = unknown; explicitFileType = undefined; includeInIndex = 0; };
		ABB4CA3D13614FD381F2826C /* Montserrat-Italic.ttf */ = {isa = PBXFileReference; name = "Montserrat-Italic.ttf"; path = "../src/assets/Fonts/Montserrat-Italic.ttf"; sourceTree = "<group>"; fileEncoding = undefined; lastKnownFileType = unknown; explicitFileType = undefined; includeInIndex = 0; };
		B06B6837A32F44E6947ECFE7 /* Montserrat-Light.ttf */ = {isa = PBXFileReference; name = "Montserrat-Light.ttf"; path = "../src/assets/Fonts/Montserrat-Light.ttf"; sourceTree = "<group>"; fileEncoding = undefined; lastKnownFileType = unknown; explicitFileType = undefined; includeInIndex = 0; };
		68421A589C5144A492A5F4EC /* Montserrat-LightItalic.ttf */ = {isa = PBXFileReference; name = "Montserrat-LightItalic.ttf"; path = "../src/assets/Fonts/Montserrat-LightItalic.ttf"; sourceTree = "<group>"; fileEncoding = undefined; lastKnownFileType = unknown; explicitFileType = undefined; includeInIndex = 0; };
		C3D3D6577D35451B9354BBBA /* Montserrat-Medium.ttf */ = {isa = PBXFileReference; name = "Montserrat-Medium.ttf"; path = "../src/assets/Fonts/Montserrat-Medium.ttf"; sourceTree = "<group>"; fileEncoding = undefined; lastKnownFileType = unknown; explicitFileType = undefined; includeInIndex = 0; };
		CDA8C92FA327482CAE33795B /* Montserrat-MediumItalic.ttf */ = {isa = PBXFileReference; name = "Montserrat-MediumItalic.ttf"; path = "../src/assets/Fonts/Montserrat-MediumItalic.ttf"; sourceTree = "<group>"; fileEncoding = undefined; lastKnownFileType = unknown; explicitFileType = undefined; includeInIndex = 0; };
		91855C4D0F734F2AA388947B /* Montserrat-Regular.ttf */ = {isa = PBXFileReference; name = "Montserrat-Regular.ttf"; path = "../src/assets/Fonts/Montserrat-Regular.ttf"; sourceTree = "<group>"; fileEncoding = undefined; lastKnownFileType = unknown; explicitFileType = undefined; includeInIndex = 0; };
		EF7FA93E9AD24E8F913D4F21 /* Montserrat-SemiBold.ttf */ = {isa = PBXFileReference; name = "Montserrat-SemiBold.ttf"; path = "../src/assets/Fonts/Montserrat-SemiBold.ttf"; sourceTree = "<group>"; fileEncoding = undefined; lastKnownFileType = unknown; explicitFileType = undefined; includeInIndex = 0; };
		673AC855862843318F143280 /* Montserrat-SemiBoldItalic.ttf */ = {isa = PBXFileReference; name = "Montserrat-SemiBoldItalic.ttf"; path = "../src/assets/Fonts/Montserrat-SemiBoldItalic.ttf"; sourceTree = "<group>"; fileEncoding = undefined; lastKnownFileType = unknown; explicitFileType = undefined; includeInIndex = 0; };
		6B73335617884D30A83FB0C9 /* Montserrat-Thin.ttf */ = {isa = PBXFileReference; name = "Montserrat-Thin.ttf"; path = "../src/assets/Fonts/Montserrat-Thin.ttf"; sourceTree = "<group>"; fileEncoding = undefined; lastKnownFileType = unknown; explicitFileType = undefined; includeInIndex = 0; };
		3BD81FF7818A4E609AA687D5 /* Montserrat-ThinItalic.ttf */ = {isa = PBXFileReference; name = "Montserrat-ThinItalic.ttf"; path = "../src/assets/Fonts/Montserrat-ThinItalic.ttf"; sourceTree = "<group>"; fileEncoding = undefined; lastKnownFileType = unknown; explicitFileType = undefined; includeInIndex = 0; };
		001C7A5E9AAC4E53BF4B73E3 /* Montserrat-VariableFont_wght.ttf */ = {isa = PBXFileReference; name = "Montserrat-VariableFont_wght.ttf"; path = "../src/assets/Fonts/Montserrat-VariableFont_wght.ttf"; sourceTree = "<group>"; fileEncoding = undefined; lastKnownFileType = unknown; explicitFileType = undefined; includeInIndex = 0; };
		DBB78D6A50A04F63AC00529B /* Roboto-Black.ttf */ = {isa = PBXFileReference; name = "Roboto-Black.ttf"; path = "../src/assets/Fonts/Roboto-Black.ttf"; sourceTree = "<group>"; fileEncoding = undefined; lastKnownFileType = unknown; explicitFileType = undefined; includeInIndex = 0; };
		CC5F2781644D4E6D85E0CC51 /* Roboto-BlackItalic.ttf */ = {isa = PBXFileReference; name = "Roboto-BlackItalic.ttf"; path = "../src/assets/Fonts/Roboto-BlackItalic.ttf"; sourceTree = "<group>"; fileEncoding = undefined; lastKnownFileType = unknown; explicitFileType = undefined; includeInIndex = 0; };
		20EAB00DC43A4B67932615FF /* Roboto-Bold.ttf */ = {isa = PBXFileReference; name = "Roboto-Bold.ttf"; path = "../src/assets/Fonts/Roboto-Bold.ttf"; sourceTree = "<group>"; fileEncoding = undefined; lastKnownFileType = unknown; explicitFileType = undefined; includeInIndex = 0; };
		91EC957107674AAF83C806B9 /* Roboto-BoldItalic.ttf */ = {isa = PBXFileReference; name = "Roboto-BoldItalic.ttf"; path = "../src/assets/Fonts/Roboto-BoldItalic.ttf"; sourceTree = "<group>"; fileEncoding = undefined; lastKnownFileType = unknown; explicitFileType = undefined; includeInIndex = 0; };
		8BE49C6EC253457BAA4D5D30 /* Roboto-Italic.ttf */ = {isa = PBXFileReference; name = "Roboto-Italic.ttf"; path = "../src/assets/Fonts/Roboto-Italic.ttf"; sourceTree = "<group>"; fileEncoding = undefined; lastKnownFileType = unknown; explicitFileType = undefined; includeInIndex = 0; };
		86CE5F1C84B9421583DF1819 /* Roboto-Light.ttf */ = {isa = PBXFileReference; name = "Roboto-Light.ttf"; path = "../src/assets/Fonts/Roboto-Light.ttf"; sourceTree = "<group>"; fileEncoding = undefined; lastKnownFileType = unknown; explicitFileType = undefined; includeInIndex = 0; };
		916A2D450FA84BEE8F8E00D9 /* Roboto-LightItalic.ttf */ = {isa = PBXFileReference; name = "Roboto-LightItalic.ttf"; path = "../src/assets/Fonts/Roboto-LightItalic.ttf"; sourceTree = "<group>"; fileEncoding = undefined; lastKnownFileType = unknown; explicitFileType = undefined; includeInIndex = 0; };
		CA4FC5C6249D4B1BB5A6FC9C /* Roboto-Medium.ttf */ = {isa = PBXFileReference; name = "Roboto-Medium.ttf"; path = "../src/assets/Fonts/Roboto-Medium.ttf"; sourceTree = "<group>"; fileEncoding = undefined; lastKnownFileType = unknown; explicitFileType = undefined; includeInIndex = 0; };
		BDC93C615D814D448A804E5C /* Roboto-MediumItalic.ttf */ = {isa = PBXFileReference; name = "Roboto-MediumItalic.ttf"; path = "../src/assets/Fonts/Roboto-MediumItalic.ttf"; sourceTree = "<group>"; fileEncoding = undefined; lastKnownFileType = unknown; explicitFileType = undefined; includeInIndex = 0; };
		459B51FD415848BEAC96C8FA /* Roboto-Regular.ttf */ = {isa = PBXFileReference; name = "Roboto-Regular.ttf"; path = "../src/assets/Fonts/Roboto-Regular.ttf"; sourceTree = "<group>"; fileEncoding = undefined; lastKnownFileType = unknown; explicitFileType = undefined; includeInIndex = 0; };
		B98DBF021B324035B82A2F3D /* Roboto-Thin.ttf */ = {isa = PBXFileReference; name = "Roboto-Thin.ttf"; path = "../src/assets/Fonts/Roboto-Thin.ttf"; sourceTree = "<group>"; fileEncoding = undefined; lastKnownFileType = unknown; explicitFileType = undefined; includeInIndex = 0; };
		CDDB10F01A8548C2B72456BF /* Roboto-ThinItalic.ttf */ = {isa = PBXFileReference; name = "Roboto-ThinItalic.ttf"; path = "../src/assets/Fonts/Roboto-ThinItalic.ttf"; sourceTree = "<group>"; fileEncoding = undefined; lastKnownFileType = unknown; explicitFileType = undefined; includeInIndex = 0; };
		C354954F12A548AA9DF07591 /* Lora-Bold.ttf */ = {isa = PBXFileReference; name = "Lora-Bold.ttf"; path = "../src/assets/Fonts/Lora-Bold.ttf"; sourceTree = "<group>"; fileEncoding = undefined; lastKnownFileType = unknown; explicitFileType = undefined; includeInIndex = 0; };
		3932F0F217E141E7BA21BF59 /* Lora-BoldItalic.ttf */ = {isa = PBXFileReference; name = "Lora-BoldItalic.ttf"; path = "../src/assets/Fonts/Lora-BoldItalic.ttf"; sourceTree = "<group>"; fileEncoding = undefined; lastKnownFileType = unknown; explicitFileType = undefined; includeInIndex = 0; };
		42F24E70865E494C84078523 /* Lora-Italic.ttf */ = {isa = PBXFileReference; name = "Lora-Italic.ttf"; path = "../src/assets/Fonts/Lora-Italic.ttf"; sourceTree = "<group>"; fileEncoding = undefined; lastKnownFileType = unknown; explicitFileType = undefined; includeInIndex = 0; };
		3474ED1BD91549CA9C43CBB0 /* Lora-Medium.ttf */ = {isa = PBXFileReference; name = "Lora-Medium.ttf"; path = "../src/assets/Fonts/Lora-Medium.ttf"; sourceTree = "<group>"; fileEncoding = undefined; lastKnownFileType = unknown; explicitFileType = undefined; includeInIndex = 0; };
		0E2560EB59834EC4BEBAC0C2 /* Lora-MediumItalic.ttf */ = {isa = PBXFileReference; name = "Lora-MediumItalic.ttf"; path = "../src/assets/Fonts/Lora-MediumItalic.ttf"; sourceTree = "<group>"; fileEncoding = undefined; lastKnownFileType = unknown; explicitFileType = undefined; includeInIndex = 0; };
		0CA342A133BC4A9189BB0A7B /* Lora-Regular.ttf */ = {isa = PBXFileReference; name = "Lora-Regular.ttf"; path = "../src/assets/Fonts/Lora-Regular.ttf"; sourceTree = "<group>"; fileEncoding = undefined; lastKnownFileType = unknown; explicitFileType = undefined; includeInIndex = 0; };
		48A35B8DCC094CBA973C1A21 /* Lora-SemiBold.ttf */ = {isa = PBXFileReference; name = "Lora-SemiBold.ttf"; path = "../src/assets/Fonts/Lora-SemiBold.ttf"; sourceTree = "<group>"; fileEncoding = undefined; lastKnownFileType = unknown; explicitFileType = undefined; includeInIndex = 0; };
		359A391E36784E34AD3370AA /* Lora-SemiBoldItalic.ttf */ = {isa = PBXFileReference; name = "Lora-SemiBoldItalic.ttf"; path = "../src/assets/Fonts/Lora-SemiBoldItalic.ttf"; sourceTree = "<group>"; fileEncoding = undefined; lastKnownFileType = unknown; explicitFileType = undefined; includeInIndex = 0; };
		15D9F349DB064D808C25BF42 /* PlayfairDisplay-Black.ttf */ = {isa = PBXFileReference; name = "PlayfairDisplay-Black.ttf"; path = "../src/assets/Fonts/PlayfairDisplay-Black.ttf"; sourceTree = "<group>"; fileEncoding = undefined; lastKnownFileType = unknown; explicitFileType = undefined; includeInIndex = 0; };
		55F5C68340FA43C5B2CBC14F /* PlayfairDisplay-BlackItalic.ttf */ = {isa = PBXFileReference; name = "PlayfairDisplay-BlackItalic.ttf"; path = "../src/assets/Fonts/PlayfairDisplay-BlackItalic.ttf"; sourceTree = "<group>"; fileEncoding = undefined; lastKnownFileType = unknown; explicitFileType = undefined; includeInIndex = 0; };
		5215C6F0275541D082BCC554 /* PlayfairDisplay-Bold.ttf */ = {isa = PBXFileReference; name = "PlayfairDisplay-Bold.ttf"; path = "../src/assets/Fonts/PlayfairDisplay-Bold.ttf"; sourceTree = "<group>"; fileEncoding = undefined; lastKnownFileType = unknown; explicitFileType = undefined; includeInIndex = 0; };
		1CA2EA3C7A9A4CEC94A4F69E /* PlayfairDisplay-BoldItalic.ttf */ = {isa = PBXFileReference; name = "PlayfairDisplay-BoldItalic.ttf"; path = "../src/assets/Fonts/PlayfairDisplay-BoldItalic.ttf"; sourceTree = "<group>"; fileEncoding = undefined; lastKnownFileType = unknown; explicitFileType = undefined; includeInIndex = 0; };
		9E5C9213392D4819A28948AD /* PlayfairDisplay-ExtraBold.ttf */ = {isa = PBXFileReference; name = "PlayfairDisplay-ExtraBold.ttf"; path = "../src/assets/Fonts/PlayfairDisplay-ExtraBold.ttf"; sourceTree = "<group>"; fileEncoding = undefined; lastKnownFileType = unknown; explicitFileType = undefined; includeInIndex = 0; };
		F376F5AD2A0E4B21A568CF98 /* PlayfairDisplay-ExtraBoldItalic.ttf */ = {isa = PBXFileReference; name = "PlayfairDisplay-ExtraBoldItalic.ttf"; path = "../src/assets/Fonts/PlayfairDisplay-ExtraBoldItalic.ttf"; sourceTree = "<group>"; fileEncoding = undefined; lastKnownFileType = unknown; explicitFileType = undefined; includeInIndex = 0; };
		5072662E7E534E6B9172E21E /* PlayfairDisplay-Italic.ttf */ = {isa = PBXFileReference; name = "PlayfairDisplay-Italic.ttf"; path = "../src/assets/Fonts/PlayfairDisplay-Italic.ttf"; sourceTree = "<group>"; fileEncoding = undefined; lastKnownFileType = unknown; explicitFileType = undefined; includeInIndex = 0; };
		3AE1B19B2ACC444EA1E3DE69 /* PlayfairDisplay-Medium.ttf */ = {isa = PBXFileReference; name = "PlayfairDisplay-Medium.ttf"; path = "../src/assets/Fonts/PlayfairDisplay-Medium.ttf"; sourceTree = "<group>"; fileEncoding = undefined; lastKnownFileType = unknown; explicitFileType = undefined; includeInIndex = 0; };
		1285B57348C4463F89737BCE /* PlayfairDisplay-MediumItalic.ttf */ = {isa = PBXFileReference; name = "PlayfairDisplay-MediumItalic.ttf"; path = "../src/assets/Fonts/PlayfairDisplay-MediumItalic.ttf"; sourceTree = "<group>"; fileEncoding = undefined; lastKnownFileType = unknown; explicitFileType = undefined; includeInIndex = 0; };
		A87BBFDCD44340B9868BEC84 /* PlayfairDisplay-Regular.ttf */ = {isa = PBXFileReference; name = "PlayfairDisplay-Regular.ttf"; path = "../src/assets/Fonts/PlayfairDisplay-Regular.ttf"; sourceTree = "<group>"; fileEncoding = undefined; lastKnownFileType = unknown; explicitFileType = undefined; includeInIndex = 0; };
		B1F51883434E430E971E696F /* PlayfairDisplay-SemiBold.ttf */ = {isa = PBXFileReference; name = "PlayfairDisplay-SemiBold.ttf"; path = "../src/assets/Fonts/PlayfairDisplay-SemiBold.ttf"; sourceTree = "<group>"; fileEncoding = undefined; lastKnownFileType = unknown; explicitFileType = undefined; includeInIndex = 0; };
		A2B9586C6854452A94B951BA /* PlayfairDisplay-SemiBoldItalic.ttf */ = {isa = PBXFileReference; name = "PlayfairDisplay-SemiBoldItalic.ttf"; path = "../src/assets/Fonts/PlayfairDisplay-SemiBoldItalic.ttf"; sourceTree = "<group>"; fileEncoding = undefined; lastKnownFileType = unknown; explicitFileType = undefined; includeInIndex = 0; };
		FCC792D400C04907A4D8C31E /* FiraSans-Black.ttf */ = {isa = PBXFileReference; name = "FiraSans-Black.ttf"; path = "../src/assets/Fonts/FiraSans-Black.ttf"; sourceTree = "<group>"; fileEncoding = undefined; lastKnownFileType = unknown; explicitFileType = undefined; includeInIndex = 0; };
		DFE650D8F0554D678C623BEF /* FiraSans-BlackItalic.ttf */ = {isa = PBXFileReference; name = "FiraSans-BlackItalic.ttf"; path = "../src/assets/Fonts/FiraSans-BlackItalic.ttf"; sourceTree = "<group>"; fileEncoding = undefined; lastKnownFileType = unknown; explicitFileType = undefined; includeInIndex = 0; };
		4BE08907A3E34916BAAEC0EF /* FiraSans-Bold.ttf */ = {isa = PBXFileReference; name = "FiraSans-Bold.ttf"; path = "../src/assets/Fonts/FiraSans-Bold.ttf"; sourceTree = "<group>"; fileEncoding = undefined; lastKnownFileType = unknown; explicitFileType = undefined; includeInIndex = 0; };
		FF69CE0F4EEC47F5A08E27D7 /* FiraSans-BoldItalic.ttf */ = {isa = PBXFileReference; name = "FiraSans-BoldItalic.ttf"; path = "../src/assets/Fonts/FiraSans-BoldItalic.ttf"; sourceTree = "<group>"; fileEncoding = undefined; lastKnownFileType = unknown; explicitFileType = undefined; includeInIndex = 0; };
		70E235CC006E4B208C0FEDCC /* FiraSans-ExtraBold.ttf */ = {isa = PBXFileReference; name = "FiraSans-ExtraBold.ttf"; path = "../src/assets/Fonts/FiraSans-ExtraBold.ttf"; sourceTree = "<group>"; fileEncoding = undefined; lastKnownFileType = unknown; explicitFileType = undefined; includeInIndex = 0; };
		A1647910C1C64DC585D93B44 /* FiraSans-ExtraBoldItalic.ttf */ = {isa = PBXFileReference; name = "FiraSans-ExtraBoldItalic.ttf"; path = "../src/assets/Fonts/FiraSans-ExtraBoldItalic.ttf"; sourceTree = "<group>"; fileEncoding = undefined; lastKnownFileType = unknown; explicitFileType = undefined; includeInIndex = 0; };
		00E6AD813EF34F899031EE9E /* FiraSans-ExtraLight.ttf */ = {isa = PBXFileReference; name = "FiraSans-ExtraLight.ttf"; path = "../src/assets/Fonts/FiraSans-ExtraLight.ttf"; sourceTree = "<group>"; fileEncoding = undefined; lastKnownFileType = unknown; explicitFileType = undefined; includeInIndex = 0; };
		2C1D81F5DF7A4413BF1B23F5 /* FiraSans-ExtraLightItalic.ttf */ = {isa = PBXFileReference; name = "FiraSans-ExtraLightItalic.ttf"; path = "../src/assets/Fonts/FiraSans-ExtraLightItalic.ttf"; sourceTree = "<group>"; fileEncoding = undefined; lastKnownFileType = unknown; explicitFileType = undefined; includeInIndex = 0; };
		4552713FBB2C4D1ABB63CBA8 /* FiraSans-Italic.ttf */ = {isa = PBXFileReference; name = "FiraSans-Italic.ttf"; path = "../src/assets/Fonts/FiraSans-Italic.ttf"; sourceTree = "<group>"; fileEncoding = undefined; lastKnownFileType = unknown; explicitFileType = undefined; includeInIndex = 0; };
		0C48003AA5C04461BDFFB31C /* FiraSans-Light.ttf */ = {isa = PBXFileReference; name = "FiraSans-Light.ttf"; path = "../src/assets/Fonts/FiraSans-Light.ttf"; sourceTree = "<group>"; fileEncoding = undefined; lastKnownFileType = unknown; explicitFileType = undefined; includeInIndex = 0; };
		CAB73CA3007B4856AB4A5DDC /* FiraSans-LightItalic.ttf */ = {isa = PBXFileReference; name = "FiraSans-LightItalic.ttf"; path = "../src/assets/Fonts/FiraSans-LightItalic.ttf"; sourceTree = "<group>"; fileEncoding = undefined; lastKnownFileType = unknown; explicitFileType = undefined; includeInIndex = 0; };
		284BBEAC861A48729FB6A9CF /* FiraSans-Medium.ttf */ = {isa = PBXFileReference; name = "FiraSans-Medium.ttf"; path = "../src/assets/Fonts/FiraSans-Medium.ttf"; sourceTree = "<group>"; fileEncoding = undefined; lastKnownFileType = unknown; explicitFileType = undefined; includeInIndex = 0; };
		C157668B53934170BFB91532 /* FiraSans-MediumItalic.ttf */ = {isa = PBXFileReference; name = "FiraSans-MediumItalic.ttf"; path = "../src/assets/Fonts/FiraSans-MediumItalic.ttf"; sourceTree = "<group>"; fileEncoding = undefined; lastKnownFileType = unknown; explicitFileType = undefined; includeInIndex = 0; };
		315D62BB2E804857BA4415B7 /* FiraSans-Regular.ttf */ = {isa = PBXFileReference; name = "FiraSans-Regular.ttf"; path = "../src/assets/Fonts/FiraSans-Regular.ttf"; sourceTree = "<group>"; fileEncoding = undefined; lastKnownFileType = unknown; explicitFileType = undefined; includeInIndex = 0; };
		71A75FDBC5B147C2AD9DE49D /* FiraSans-SemiBold.ttf */ = {isa = PBXFileReference; name = "FiraSans-SemiBold.ttf"; path = "../src/assets/Fonts/FiraSans-SemiBold.ttf"; sourceTree = "<group>"; fileEncoding = undefined; lastKnownFileType = unknown; explicitFileType = undefined; includeInIndex = 0; };
		5DE37ED2EF7E4F3C8BC60AA8 /* FiraSans-SemiBoldItalic.ttf */ = {isa = PBXFileReference; name = "FiraSans-SemiBoldItalic.ttf"; path = "../src/assets/Fonts/FiraSans-SemiBoldItalic.ttf"; sourceTree = "<group>"; fileEncoding = undefined; lastKnownFileType = unknown; explicitFileType = undefined; includeInIndex = 0; };
		541BDDA082DD4DBBBBFEB374 /* FiraSans-Thin.ttf */ = {isa = PBXFileReference; name = "FiraSans-Thin.ttf"; path = "../src/assets/Fonts/FiraSans-Thin.ttf"; sourceTree = "<group>"; fileEncoding = undefined; lastKnownFileType = unknown; explicitFileType = undefined; includeInIndex = 0; };
		891E34CDADB742F3A8A3DE51 /* FiraSans-ThinItalic.ttf */ = {isa = PBXFileReference; name = "FiraSans-ThinItalic.ttf"; path = "../src/assets/Fonts/FiraSans-ThinItalic.ttf"; sourceTree = "<group>"; fileEncoding = undefined; lastKnownFileType = unknown; explicitFileType = undefined; includeInIndex = 0; };
/* End PBXFileReference section */

/* Begin PBXFrameworksBuildPhase section */
		00E356EB1AD99517003FC87E /* Frameworks */ = {
			isa = PBXFrameworksBuildPhase;
			buildActionMask = 2147483647;
			files = (
				7699B88040F8A987B510C191 /* libPods-TMS-TMSTests.a in Frameworks */,
			);
			runOnlyForDeploymentPostprocessing = 0;
		};
		13B07F8C1A680F5B00A75B9A /* Frameworks */ = {
			isa = PBXFrameworksBuildPhase;
			buildActionMask = 2147483647;
			files = (
				0C80B921A6F3F58F76C31292 /* libPods-TMS.a in Frameworks */,
			);
			runOnlyForDeploymentPostprocessing = 0;
		};
/* End PBXFrameworksBuildPhase section */

/* Begin PBXGroup section */
		00E356EF1AD99517003FC87E /* TMSTests */ = {
			isa = PBXGroup;
			children = (
				00E356F21AD99517003FC87E /* TMSTests.m */,
				00E356F01AD99517003FC87E /* Supporting Files */,
			);
			path = TMSTests;
			sourceTree = "<group>";
		};
		00E356F01AD99517003FC87E /* Supporting Files */ = {
			isa = PBXGroup;
			children = (
				00E356F11AD99517003FC87E /* Info.plist */,
			);
			name = "Supporting Files";
			sourceTree = "<group>";
		};
		13B07FAE1A68108700A75B9A /* TMS */ = {
			isa = PBXGroup;
			children = (
				13B07FAF1A68108700A75B9A /* AppDelegate.h */,
				13B07FB01A68108700A75B9A /* AppDelegate.mm */,
				13B07FB51A68108700A75B9A /* Images.xcassets */,
				13B07FB61A68108700A75B9A /* Info.plist */,
				81AB9BB72411601600AC10FF /* LaunchScreen.storyboard */,
				13B07FB71A68108700A75B9A /* main.m */,
				13B07FB81A68108700A75B9A /* PrivacyInfo.xcprivacy */,
			);
			name = TMS;
			sourceTree = "<group>";
		};
		2D16E6871FA4F8E400B85C8A /* Frameworks */ = {
			isa = PBXGroup;
			children = (
				ED297162215061F000B7C4FE /* JavaScriptCore.framework */,
				5DCACB8F33CDC322A6C60F78 /* libPods-TMS.a */,
				19F6CBCC0A4E27FBF8BF4A61 /* libPods-TMS-TMSTests.a */,
			);
			name = Frameworks;
			sourceTree = "<group>";
		};
		832341AE1AAA6A7D00B99B32 /* Libraries */ = {
			isa = PBXGroup;
			children = (
			);
			name = Libraries;
			sourceTree = "<group>";
		};
		83CBB9F61A601CBA00E9B192 = {
			isa = PBXGroup;
			children = (
				13B07FAE1A68108700A75B9A /* TMS */,
				832341AE1AAA6A7D00B99B32 /* Libraries */,
				00E356EF1AD99517003FC87E /* TMSTests */,
				83CBBA001A601CBA00E9B192 /* Products */,
				2D16E6871FA4F8E400B85C8A /* Frameworks */,
				BBD78D7AC51CEA395F1C20DB /* Pods */,
				E73189620B91486F93028D72 /* Resources */,
			);
			indentWidth = 2;
			sourceTree = "<group>";
			tabWidth = 2;
			usesTabs = 0;
		};
		83CBBA001A601CBA00E9B192 /* Products */ = {
			isa = PBXGroup;
			children = (
				13B07F961A680F5B00A75B9A /* TMS.app */,
				00E356EE1AD99517003FC87E /* TMSTests.xctest */,
			);
			name = Products;
			sourceTree = "<group>";
		};
		BBD78D7AC51CEA395F1C20DB /* Pods */ = {
			isa = PBXGroup;
			children = (
				3B4392A12AC88292D35C810B /* Pods-TMS.debug.xcconfig */,
				5709B34CF0A7D63546082F79 /* Pods-TMS.release.xcconfig */,
				5B7EB9410499542E8C5724F5 /* Pods-TMS-TMSTests.debug.xcconfig */,
				89C6BE57DB24E9ADA2F236DE /* Pods-TMS-TMSTests.release.xcconfig */,
			);
			path = Pods;
			sourceTree = "<group>";
		};
		E73189620B91486F93028D72 /* Resources */ = {
			isa = "PBXGroup";
			children = (
				BDD78864661D45B3B0194C04 /* Montserrat-Black.ttf */,
				BAEC545A41584310B9C98090 /* Montserrat-BlackItalic.ttf */,
				75AD286B111045169B694E42 /* Montserrat-Bold.ttf */,
				E6F4A1D74F5841179FE90960 /* Montserrat-BoldItalic.ttf */,
				D27E6347014A4C21972E4369 /* Montserrat-ExtraBold.ttf */,
				A3C70A01D8AC429196568927 /* Montserrat-ExtraBoldItalic.ttf */,
				BA3661A6107D4A84ADC11876 /* Montserrat-ExtraLight.ttf */,
				FB23F71E542E401C820B96C5 /* Montserrat-ExtraLightItalic.ttf */,
				49E0F0CB95944C9FA64A0EE5 /* Montserrat-Italic-VariableFont_wght.ttf */,
				ABB4CA3D13614FD381F2826C /* Montserrat-Italic.ttf */,
				B06B6837A32F44E6947ECFE7 /* Montserrat-Light.ttf */,
				68421A589C5144A492A5F4EC /* Montserrat-LightItalic.ttf */,
				C3D3D6577D35451B9354BBBA /* Montserrat-Medium.ttf */,
				CDA8C92FA327482CAE33795B /* Montserrat-MediumItalic.ttf */,
				91855C4D0F734F2AA388947B /* Montserrat-Regular.ttf */,
				EF7FA93E9AD24E8F913D4F21 /* Montserrat-SemiBold.ttf */,
				673AC855862843318F143280 /* Montserrat-SemiBoldItalic.ttf */,
				6B73335617884D30A83FB0C9 /* Montserrat-Thin.ttf */,
				3BD81FF7818A4E609AA687D5 /* Montserrat-ThinItalic.ttf */,
				001C7A5E9AAC4E53BF4B73E3 /* Montserrat-VariableFont_wght.ttf */,
				DBB78D6A50A04F63AC00529B /* Roboto-Black.ttf */,
				CC5F2781644D4E6D85E0CC51 /* Roboto-BlackItalic.ttf */,
				20EAB00DC43A4B67932615FF /* Roboto-Bold.ttf */,
				91EC957107674AAF83C806B9 /* Roboto-BoldItalic.ttf */,
				8BE49C6EC253457BAA4D5D30 /* Roboto-Italic.ttf */,
				86CE5F1C84B9421583DF1819 /* Roboto-Light.ttf */,
				916A2D450FA84BEE8F8E00D9 /* Roboto-LightItalic.ttf */,
				CA4FC5C6249D4B1BB5A6FC9C /* Roboto-Medium.ttf */,
				BDC93C615D814D448A804E5C /* Roboto-MediumItalic.ttf */,
				459B51FD415848BEAC96C8FA /* Roboto-Regular.ttf */,
				B98DBF021B324035B82A2F3D /* Roboto-Thin.ttf */,
				CDDB10F01A8548C2B72456BF /* Roboto-ThinItalic.ttf */,
				C354954F12A548AA9DF07591 /* Lora-Bold.ttf */,
				3932F0F217E141E7BA21BF59 /* Lora-BoldItalic.ttf */,
				42F24E70865E494C84078523 /* Lora-Italic.ttf */,
				3474ED1BD91549CA9C43CBB0 /* Lora-Medium.ttf */,
				0E2560EB59834EC4BEBAC0C2 /* Lora-MediumItalic.ttf */,
				0CA342A133BC4A9189BB0A7B /* Lora-Regular.ttf */,
				48A35B8DCC094CBA973C1A21 /* Lora-SemiBold.ttf */,
				359A391E36784E34AD3370AA /* Lora-SemiBoldItalic.ttf */,
				15D9F349DB064D808C25BF42 /* PlayfairDisplay-Black.ttf */,
				55F5C68340FA43C5B2CBC14F /* PlayfairDisplay-BlackItalic.ttf */,
				5215C6F0275541D082BCC554 /* PlayfairDisplay-Bold.ttf */,
				1CA2EA3C7A9A4CEC94A4F69E /* PlayfairDisplay-BoldItalic.ttf */,
				9E5C9213392D4819A28948AD /* PlayfairDisplay-ExtraBold.ttf */,
				F376F5AD2A0E4B21A568CF98 /* PlayfairDisplay-ExtraBoldItalic.ttf */,
				5072662E7E534E6B9172E21E /* PlayfairDisplay-Italic.ttf */,
				3AE1B19B2ACC444EA1E3DE69 /* PlayfairDisplay-Medium.ttf */,
				1285B57348C4463F89737BCE /* PlayfairDisplay-MediumItalic.ttf */,
				A87BBFDCD44340B9868BEC84 /* PlayfairDisplay-Regular.ttf */,
				B1F51883434E430E971E696F /* PlayfairDisplay-SemiBold.ttf */,
				A2B9586C6854452A94B951BA /* PlayfairDisplay-SemiBoldItalic.ttf */,
				FCC792D400C04907A4D8C31E /* FiraSans-Black.ttf */,
				DFE650D8F0554D678C623BEF /* FiraSans-BlackItalic.ttf */,
				4BE08907A3E34916BAAEC0EF /* FiraSans-Bold.ttf */,
				FF69CE0F4EEC47F5A08E27D7 /* FiraSans-BoldItalic.ttf */,
				70E235CC006E4B208C0FEDCC /* FiraSans-ExtraBold.ttf */,
				A1647910C1C64DC585D93B44 /* FiraSans-ExtraBoldItalic.ttf */,
				00E6AD813EF34F899031EE9E /* FiraSans-ExtraLight.ttf */,
				2C1D81F5DF7A4413BF1B23F5 /* FiraSans-ExtraLightItalic.ttf */,
				4552713FBB2C4D1ABB63CBA8 /* FiraSans-Italic.ttf */,
				0C48003AA5C04461BDFFB31C /* FiraSans-Light.ttf */,
				CAB73CA3007B4856AB4A5DDC /* FiraSans-LightItalic.ttf */,
				284BBEAC861A48729FB6A9CF /* FiraSans-Medium.ttf */,
				C157668B53934170BFB91532 /* FiraSans-MediumItalic.ttf */,
				315D62BB2E804857BA4415B7 /* FiraSans-Regular.ttf */,
				71A75FDBC5B147C2AD9DE49D /* FiraSans-SemiBold.ttf */,
				5DE37ED2EF7E4F3C8BC60AA8 /* FiraSans-SemiBoldItalic.ttf */,
				541BDDA082DD4DBBBBFEB374 /* FiraSans-Thin.ttf */,
				891E34CDADB742F3A8A3DE51 /* FiraSans-ThinItalic.ttf */,
			);
			name = Resources;
			sourceTree = "<group>";
			path = "";
		};
/* End PBXGroup section */

/* Begin PBXNativeTarget section */
		00E356ED1AD99517003FC87E /* TMSTests */ = {
			isa = PBXNativeTarget;
			buildConfigurationList = 00E357021AD99517003FC87E /* Build configuration list for PBXNativeTarget "TMSTests" */;
			buildPhases = (
				A55EABD7B0C7F3A422A6CC61 /* [CP] Check Pods Manifest.lock */,
				00E356EA1AD99517003FC87E /* Sources */,
				00E356EB1AD99517003FC87E /* Frameworks */,
				00E356EC1AD99517003FC87E /* Resources */,
				C59DA0FBD6956966B86A3779 /* [CP] Embed Pods Frameworks */,
				F6A41C54EA430FDDC6A6ED99 /* [CP] Copy Pods Resources */,
			);
			buildRules = (
			);
			dependencies = (
				00E356F51AD99517003FC87E /* PBXTargetDependency */,
			);
			name = TMSTests;
			productName = TMSTests;
			productReference = 00E356EE1AD99517003FC87E /* TMSTests.xctest */;
			productType = "com.apple.product-type.bundle.unit-test";
		};
		13B07F861A680F5B00A75B9A /* TMS */ = {
			isa = PBXNativeTarget;
			buildConfigurationList = 13B07F931A680F5B00A75B9A /* Build configuration list for PBXNativeTarget "TMS" */;
			buildPhases = (
				C38B50BA6285516D6DCD4F65 /* [CP] Check Pods Manifest.lock */,
				13B07F871A680F5B00A75B9A /* Sources */,
				13B07F8C1A680F5B00A75B9A /* Frameworks */,
				13B07F8E1A680F5B00A75B9A /* Resources */,
				00DD1BFF1BD5951E006B06BC /* Bundle React Native code and images */,
				00EEFC60759A1932668264C0 /* [CP] Embed Pods Frameworks */,
				E235C05ADACE081382539298 /* [CP] Copy Pods Resources */,
			);
			buildRules = (
			);
			dependencies = (
			);
			name = TMS;
			productName = TMS;
			productReference = 13B07F961A680F5B00A75B9A /* TMS.app */;
			productType = "com.apple.product-type.application";
		};
/* End PBXNativeTarget section */

/* Begin PBXProject section */
		83CBB9F71A601CBA00E9B192 /* Project object */ = {
			isa = PBXProject;
			attributes = {
				LastUpgradeCheck = 1210;
				TargetAttributes = {
					00E356ED1AD99517003FC87E = {
						CreatedOnToolsVersion = 6.2;
						TestTargetID = 13B07F861A680F5B00A75B9A;
					};
					13B07F861A680F5B00A75B9A = {
						LastSwiftMigration = 1120;
					};
				};
			};
			buildConfigurationList = 83CBB9FA1A601CBA00E9B192 /* Build configuration list for PBXProject "TMS" */;
			compatibilityVersion = "Xcode 12.0";
			developmentRegion = en;
			hasScannedForEncodings = 0;
			knownRegions = (
				en,
				Base,
			);
			mainGroup = 83CBB9F61A601CBA00E9B192;
			productRefGroup = 83CBBA001A601CBA00E9B192 /* Products */;
			projectDirPath = "";
			projectRoot = "";
			targets = (
				13B07F861A680F5B00A75B9A /* TMS */,
				00E356ED1AD99517003FC87E /* TMSTests */,
			);
		};
/* End PBXProject section */

/* Begin PBXResourcesBuildPhase section */
		00E356EC1AD99517003FC87E /* Resources */ = {
			isa = PBXResourcesBuildPhase;
			buildActionMask = 2147483647;
			files = (
			);
			runOnlyForDeploymentPostprocessing = 0;
		};
		13B07F8E1A680F5B00A75B9A /* Resources */ = {
			isa = PBXResourcesBuildPhase;
			buildActionMask = 2147483647;
			files = (
				81AB9BB82411601600AC10FF /* LaunchScreen.storyboard in Resources */,
				13B07FBF1A68108700A75B9A /* Images.xcassets in Resources */,
				39C80F7686384E848225DF36 /* Montserrat-Black.ttf in Resources */,
				33A64F55169349C6B2874925 /* Montserrat-BlackItalic.ttf in Resources */,
				A42AA7FE78774F9CA4A8B5A0 /* Montserrat-Bold.ttf in Resources */,
				B2A4EA133E5549F8A6921258 /* Montserrat-BoldItalic.ttf in Resources */,
				BB8E14E126B44B66BE873F46 /* Montserrat-ExtraBold.ttf in Resources */,
				AC53516F5CEF474A91698671 /* Montserrat-ExtraBoldItalic.ttf in Resources */,
				37C576C44AF8498BB0B70878 /* Montserrat-ExtraLight.ttf in Resources */,
				3E617B57052949A49A52C45B /* Montserrat-ExtraLightItalic.ttf in Resources */,
				6970BF5EC7284573B1ADD520 /* Montserrat-Italic-VariableFont_wght.ttf in Resources */,
				D8786CA1E966497E823E99BE /* Montserrat-Italic.ttf in Resources */,
				E27BE719C52B471C9E6D60A1 /* Montserrat-Light.ttf in Resources */,
				2ECE6C25E0AC4B79877C1937 /* Montserrat-LightItalic.ttf in Resources */,
				A1788EE0F4724BA589A2CDD3 /* Montserrat-Medium.ttf in Resources */,
				7284BBEE17A74DF292CD5DF2 /* Montserrat-MediumItalic.ttf in Resources */,
				C85A24AA4626441B8DF96AA0 /* Montserrat-Regular.ttf in Resources */,
				54ADAE5E6C064C9F922B7F98 /* Montserrat-SemiBold.ttf in Resources */,
				022EB9E207D944E5A3FB6E2A /* Montserrat-SemiBoldItalic.ttf in Resources */,
				64E16791E9334E12942371EF /* Montserrat-Thin.ttf in Resources */,
				5F108C0FF6774BCC9CE3F790 /* Montserrat-ThinItalic.ttf in Resources */,
				1653472F0A654E2D91D314FC /* Montserrat-VariableFont_wght.ttf in Resources */,
				5385EB7AA0FE403B8C37BD2D /* Roboto-Black.ttf in Resources */,
				A2B6D96C9D164E53814CCB5A /* Roboto-BlackItalic.ttf in Resources */,
				7A859127A08743198D0B585D /* Roboto-Bold.ttf in Resources */,
				FCEA7955443B4329A2E3564C /* Roboto-BoldItalic.ttf in Resources */,
				4EF1DBA88E1D443188E2AF3D /* Roboto-Italic.ttf in Resources */,
				359B51538E2D413CAA06F5DA /* Roboto-Light.ttf in Resources */,
				78C0637E497F4CA0B566A61C /* Roboto-LightItalic.ttf in Resources */,
				AC6C1AE3AD5C4FA48FC17007 /* Roboto-Medium.ttf in Resources */,
				7FC0253F30D44B7582C6FED5 /* Roboto-MediumItalic.ttf in Resources */,
				F56029420D9A45198C7A88E3 /* Roboto-Regular.ttf in Resources */,
				71789417B6EB42E5A7A2F147 /* Roboto-Thin.ttf in Resources */,
				B3EE11FB896045D8BA011CBB /* Roboto-ThinItalic.ttf in Resources */,
				724C3C9F02AD4CB088E483D6 /* Lora-Bold.ttf in Resources */,
				58AF466C5F404661962E680E /* Lora-BoldItalic.ttf in Resources */,
				DB0859180D724361B4213073 /* Lora-Italic.ttf in Resources */,
				FBC885A806EC4333A881A854 /* Lora-Medium.ttf in Resources */,
				ED98130AB97F49B9ABB58D40 /* Lora-MediumItalic.ttf in Resources */,
				3AB27B8073D440D59C7F4FD3 /* Lora-Regular.ttf in Resources */,
				C766D51D16AF4769A80618F3 /* Lora-SemiBold.ttf in Resources */,
				F2F9D42665794744A7FAAFC2 /* Lora-SemiBoldItalic.ttf in Resources */,
				DF2DAE0894DF4D36AF52C026 /* PlayfairDisplay-Black.ttf in Resources */,
				DEA9A7C4D274476081C29603 /* PlayfairDisplay-BlackItalic.ttf in Resources */,
				442C8DA0FD3E406E80B40942 /* PlayfairDisplay-Bold.ttf in Resources */,
				24287F068FAF41CFB88A9754 /* PlayfairDisplay-BoldItalic.ttf in Resources */,
				90FF2BE9CCD14F218C759996 /* PlayfairDisplay-ExtraBold.ttf in Resources */,
				FCEB6DD4FD494728A8976804 /* PlayfairDisplay-ExtraBoldItalic.ttf in Resources */,
				7AB0F6AC08DB415E893E0AB0 /* PlayfairDisplay-Italic.ttf in Resources */,
				350DB11467AC4D4EA7B257A4 /* PlayfairDisplay-Medium.ttf in Resources */,
				E3F27F745DBA4ED194A7C658 /* PlayfairDisplay-MediumItalic.ttf in Resources */,
				94D061FD6A4D4922B7559FA7 /* PlayfairDisplay-Regular.ttf in Resources */,
				BB3667D95F574C90B47EB416 /* PlayfairDisplay-SemiBold.ttf in Resources */,
				07B95486E6BA40BE9436E681 /* PlayfairDisplay-SemiBoldItalic.ttf in Resources */,
				B419E03B68FF40D99D19A490 /* FiraSans-Black.ttf in Resources */,
				C3D21FFDDA174E7EB580968A /* FiraSans-BlackItalic.ttf in Resources */,
				18F2B6EDF98143E0B95CE04B /* FiraSans-Bold.ttf in Resources */,
				D5645D5876E449919DE742D8 /* FiraSans-BoldItalic.ttf in Resources */,
				CA9C4BDB71C147129599964C /* FiraSans-ExtraBold.ttf in Resources */,
				252BD7CBBB4B494C8F02E8B5 /* FiraSans-ExtraBoldItalic.ttf in Resources */,
				2461C04B71324EC1804BD3B0 /* FiraSans-ExtraLight.ttf in Resources */,
				C74B48923F28447C8F2E7A37 /* FiraSans-ExtraLightItalic.ttf in Resources */,
				B5002A05653F4CE188D70803 /* FiraSans-Italic.ttf in Resources */,
				A045F19F701D46AFBC2A5F32 /* FiraSans-Light.ttf in Resources */,
				A58B36CEFF334FAAA28DAEEC /* FiraSans-LightItalic.ttf in Resources */,
				556603B822194A6B9AFB27EF /* FiraSans-Medium.ttf in Resources */,
				FEF585D0C1AC4F6780C49C3E /* FiraSans-MediumItalic.ttf in Resources */,
				9B9B44C8D73B487DA50CF689 /* FiraSans-Regular.ttf in Resources */,
				B17D31FA031942ECADC10D3A /* FiraSans-SemiBold.ttf in Resources */,
				F7FB421C909D4C1F96596571 /* FiraSans-SemiBoldItalic.ttf in Resources */,
				2038280F231A4FE7917C08DB /* FiraSans-Thin.ttf in Resources */,
				DA1FE61A332C4E988601057B /* FiraSans-ThinItalic.ttf in Resources */,
			);
			runOnlyForDeploymentPostprocessing = 0;
		};
/* End PBXResourcesBuildPhase section */

/* Begin PBXShellScriptBuildPhase section */
		00DD1BFF1BD5951E006B06BC /* Bundle React Native code and images */ = {
			isa = PBXShellScriptBuildPhase;
			buildActionMask = 2147483647;
			files = (
			);
			inputPaths = (
				"$(SRCROOT)/.xcode.env.local",
				"$(SRCROOT)/.xcode.env",
			);
			name = "Bundle React Native code and images";
			outputPaths = (
			);
			runOnlyForDeploymentPostprocessing = 0;
			shellPath = /bin/sh;
			shellScript = "set -e\n\nWITH_ENVIRONMENT=\"$REACT_NATIVE_PATH/scripts/xcode/with-environment.sh\"\nREACT_NATIVE_XCODE=\"$REACT_NATIVE_PATH/scripts/react-native-xcode.sh\"\n\n/bin/sh -c \"$WITH_ENVIRONMENT $REACT_NATIVE_XCODE\"\n";
		};
		00EEFC60759A1932668264C0 /* [CP] Embed Pods Frameworks */ = {
			isa = PBXShellScriptBuildPhase;
			buildActionMask = 2147483647;
			files = (
			);
			inputFileListPaths = (
				"${PODS_ROOT}/Target Support Files/Pods-TMS/Pods-TMS-frameworks-${CONFIGURATION}-input-files.xcfilelist",
			);
			name = "[CP] Embed Pods Frameworks";
			outputFileListPaths = (
				"${PODS_ROOT}/Target Support Files/Pods-TMS/Pods-TMS-frameworks-${CONFIGURATION}-output-files.xcfilelist",
			);
			runOnlyForDeploymentPostprocessing = 0;
			shellPath = /bin/sh;
			shellScript = "\"${PODS_ROOT}/Target Support Files/Pods-TMS/Pods-TMS-frameworks.sh\"\n";
			showEnvVarsInLog = 0;
		};
		A55EABD7B0C7F3A422A6CC61 /* [CP] Check Pods Manifest.lock */ = {
			isa = PBXShellScriptBuildPhase;
			buildActionMask = 2147483647;
			files = (
			);
			inputFileListPaths = (
			);
			inputPaths = (
				"${PODS_PODFILE_DIR_PATH}/Podfile.lock",
				"${PODS_ROOT}/Manifest.lock",
			);
			name = "[CP] Check Pods Manifest.lock";
			outputFileListPaths = (
			);
			outputPaths = (
				"$(DERIVED_FILE_DIR)/Pods-TMS-TMSTests-checkManifestLockResult.txt",
			);
			runOnlyForDeploymentPostprocessing = 0;
			shellPath = /bin/sh;
			shellScript = "diff \"${PODS_PODFILE_DIR_PATH}/Podfile.lock\" \"${PODS_ROOT}/Manifest.lock\" > /dev/null\nif [ $? != 0 ] ; then\n    # print error to STDERR\n    echo \"error: The sandbox is not in sync with the Podfile.lock. Run 'pod install' or update your CocoaPods installation.\" >&2\n    exit 1\nfi\n# This output is used by Xcode 'outputs' to avoid re-running this script phase.\necho \"SUCCESS\" > \"${SCRIPT_OUTPUT_FILE_0}\"\n";
			showEnvVarsInLog = 0;
		};
		C38B50BA6285516D6DCD4F65 /* [CP] Check Pods Manifest.lock */ = {
			isa = PBXShellScriptBuildPhase;
			buildActionMask = 2147483647;
			files = (
			);
			inputFileListPaths = (
			);
			inputPaths = (
				"${PODS_PODFILE_DIR_PATH}/Podfile.lock",
				"${PODS_ROOT}/Manifest.lock",
			);
			name = "[CP] Check Pods Manifest.lock";
			outputFileListPaths = (
			);
			outputPaths = (
				"$(DERIVED_FILE_DIR)/Pods-TMS-checkManifestLockResult.txt",
			);
			runOnlyForDeploymentPostprocessing = 0;
			shellPath = /bin/sh;
			shellScript = "diff \"${PODS_PODFILE_DIR_PATH}/Podfile.lock\" \"${PODS_ROOT}/Manifest.lock\" > /dev/null\nif [ $? != 0 ] ; then\n    # print error to STDERR\n    echo \"error: The sandbox is not in sync with the Podfile.lock. Run 'pod install' or update your CocoaPods installation.\" >&2\n    exit 1\nfi\n# This output is used by Xcode 'outputs' to avoid re-running this script phase.\necho \"SUCCESS\" > \"${SCRIPT_OUTPUT_FILE_0}\"\n";
			showEnvVarsInLog = 0;
		};
		C59DA0FBD6956966B86A3779 /* [CP] Embed Pods Frameworks */ = {
			isa = PBXShellScriptBuildPhase;
			buildActionMask = 2147483647;
			files = (
			);
			inputFileListPaths = (
				"${PODS_ROOT}/Target Support Files/Pods-TMS-TMSTests/Pods-TMS-TMSTests-frameworks-${CONFIGURATION}-input-files.xcfilelist",
			);
			name = "[CP] Embed Pods Frameworks";
			outputFileListPaths = (
				"${PODS_ROOT}/Target Support Files/Pods-TMS-TMSTests/Pods-TMS-TMSTests-frameworks-${CONFIGURATION}-output-files.xcfilelist",
			);
			runOnlyForDeploymentPostprocessing = 0;
			shellPath = /bin/sh;
			shellScript = "\"${PODS_ROOT}/Target Support Files/Pods-TMS-TMSTests/Pods-TMS-TMSTests-frameworks.sh\"\n";
			showEnvVarsInLog = 0;
		};
		E235C05ADACE081382539298 /* [CP] Copy Pods Resources */ = {
			isa = PBXShellScriptBuildPhase;
			buildActionMask = 2147483647;
			files = (
			);
			inputFileListPaths = (
				"${PODS_ROOT}/Target Support Files/Pods-TMS/Pods-TMS-resources-${CONFIGURATION}-input-files.xcfilelist",
			);
			name = "[CP] Copy Pods Resources";
			outputFileListPaths = (
				"${PODS_ROOT}/Target Support Files/Pods-TMS/Pods-TMS-resources-${CONFIGURATION}-output-files.xcfilelist",
			);
			runOnlyForDeploymentPostprocessing = 0;
			shellPath = /bin/sh;
			shellScript = "\"${PODS_ROOT}/Target Support Files/Pods-TMS/Pods-TMS-resources.sh\"\n";
			showEnvVarsInLog = 0;
		};
		F6A41C54EA430FDDC6A6ED99 /* [CP] Copy Pods Resources */ = {
			isa = PBXShellScriptBuildPhase;
			buildActionMask = 2147483647;
			files = (
			);
			inputFileListPaths = (
				"${PODS_ROOT}/Target Support Files/Pods-TMS-TMSTests/Pods-TMS-TMSTests-resources-${CONFIGURATION}-input-files.xcfilelist",
			);
			name = "[CP] Copy Pods Resources";
			outputFileListPaths = (
				"${PODS_ROOT}/Target Support Files/Pods-TMS-TMSTests/Pods-TMS-TMSTests-resources-${CONFIGURATION}-output-files.xcfilelist",
			);
			runOnlyForDeploymentPostprocessing = 0;
			shellPath = /bin/sh;
			shellScript = "\"${PODS_ROOT}/Target Support Files/Pods-TMS-TMSTests/Pods-TMS-TMSTests-resources.sh\"\n";
			showEnvVarsInLog = 0;
		};
/* End PBXShellScriptBuildPhase section */

/* Begin PBXSourcesBuildPhase section */
		00E356EA1AD99517003FC87E /* Sources */ = {
			isa = PBXSourcesBuildPhase;
			buildActionMask = 2147483647;
			files = (
				00E356F31AD99517003FC87E /* TMSTests.m in Sources */,
			);
			runOnlyForDeploymentPostprocessing = 0;
		};
		13B07F871A680F5B00A75B9A /* Sources */ = {
			isa = PBXSourcesBuildPhase;
			buildActionMask = 2147483647;
			files = (
				13B07FBC1A68108700A75B9A /* AppDelegate.mm in Sources */,
				13B07FC11A68108700A75B9A /* main.m in Sources */,
			);
			runOnlyForDeploymentPostprocessing = 0;
		};
/* End PBXSourcesBuildPhase section */

/* Begin PBXTargetDependency section */
		00E356F51AD99517003FC87E /* PBXTargetDependency */ = {
			isa = PBXTargetDependency;
			target = 13B07F861A680F5B00A75B9A /* TMS */;
			targetProxy = 00E356F41AD99517003FC87E /* PBXContainerItemProxy */;
		};
/* End PBXTargetDependency section */

/* Begin XCBuildConfiguration section */
		00E356F61AD99517003FC87E /* Debug */ = {
			isa = XCBuildConfiguration;
			baseConfigurationReference = 5B7EB9410499542E8C5724F5 /* Pods-TMS-TMSTests.debug.xcconfig */;
			buildSettings = {
				BUNDLE_LOADER = "$(TEST_HOST)";
				GCC_PREPROCESSOR_DEFINITIONS = (
					"DEBUG=1",
					"$(inherited)",
				);
				INFOPLIST_FILE = TMSTests/Info.plist;
				IPHONEOS_DEPLOYMENT_TARGET = 13.4;
				LD_RUNPATH_SEARCH_PATHS = (
					"$(inherited)",
					"@executable_path/Frameworks",
					"@loader_path/Frameworks",
				);
				OTHER_LDFLAGS = (
					"-ObjC",
					"-lc++",
					"$(inherited)",
				);
				PRODUCT_BUNDLE_IDENTIFIER = "org.reactjs.native.example.$(PRODUCT_NAME:rfc1034identifier)";
				PRODUCT_NAME = "$(TARGET_NAME)";
				TEST_HOST = "$(BUILT_PRODUCTS_DIR)/TMS.app/TMS";
			};
			name = Debug;
		};
		00E356F71AD99517003FC87E /* Release */ = {
			isa = XCBuildConfiguration;
			baseConfigurationReference = 89C6BE57DB24E9ADA2F236DE /* Pods-TMS-TMSTests.release.xcconfig */;
			buildSettings = {
				BUNDLE_LOADER = "$(TEST_HOST)";
				COPY_PHASE_STRIP = NO;
				INFOPLIST_FILE = TMSTests/Info.plist;
				IPHONEOS_DEPLOYMENT_TARGET = 13.4;
				LD_RUNPATH_SEARCH_PATHS = (
					"$(inherited)",
					"@executable_path/Frameworks",
					"@loader_path/Frameworks",
				);
				OTHER_LDFLAGS = (
					"-ObjC",
					"-lc++",
					"$(inherited)",
				);
				PRODUCT_BUNDLE_IDENTIFIER = "org.reactjs.native.example.$(PRODUCT_NAME:rfc1034identifier)";
				PRODUCT_NAME = "$(TARGET_NAME)";
				TEST_HOST = "$(BUILT_PRODUCTS_DIR)/TMS.app/TMS";
			};
			name = Release;
		};
		13B07F941A680F5B00A75B9A /* Debug */ = {
			isa = XCBuildConfiguration;
			baseConfigurationReference = 3B4392A12AC88292D35C810B /* Pods-TMS.debug.xcconfig */;
			buildSettings = {
				ASSETCATALOG_COMPILER_APPICON_NAME = AppIcon;
				CLANG_ENABLE_MODULES = YES;
				CURRENT_PROJECT_VERSION = 1;
				ENABLE_BITCODE = NO;
				INFOPLIST_FILE = TMS/Info.plist;
				LD_RUNPATH_SEARCH_PATHS = (
					"$(inherited)",
					"@executable_path/Frameworks",
				);
				MARKETING_VERSION = 1.0;
				OTHER_LDFLAGS = (
					"$(inherited)",
					"-ObjC",
					"-lc++",
				);
				PRODUCT_BUNDLE_IDENTIFIER = "org.reactjs.native.example.$(PRODUCT_NAME:rfc1034identifier)";
				PRODUCT_NAME = TMS;
				SWIFT_OPTIMIZATION_LEVEL = "-Onone";
				SWIFT_VERSION = 5.0;
				VERSIONING_SYSTEM = "apple-generic";
			};
			name = Debug;
		};
		13B07F951A680F5B00A75B9A /* Release */ = {
			isa = XCBuildConfiguration;
			baseConfigurationReference = 5709B34CF0A7D63546082F79 /* Pods-TMS.release.xcconfig */;
			buildSettings = {
				ASSETCATALOG_COMPILER_APPICON_NAME = AppIcon;
				CLANG_ENABLE_MODULES = YES;
				CURRENT_PROJECT_VERSION = 1;
				INFOPLIST_FILE = TMS/Info.plist;
				LD_RUNPATH_SEARCH_PATHS = (
					"$(inherited)",
					"@executable_path/Frameworks",
				);
				MARKETING_VERSION = 1.0;
				OTHER_LDFLAGS = (
					"$(inherited)",
					"-ObjC",
					"-lc++",
				);
				PRODUCT_BUNDLE_IDENTIFIER = "org.reactjs.native.example.$(PRODUCT_NAME:rfc1034identifier)";
				PRODUCT_NAME = TMS;
				SWIFT_VERSION = 5.0;
				VERSIONING_SYSTEM = "apple-generic";
			};
			name = Release;
		};
		83CBBA201A601CBA00E9B192 /* Debug */ = {
			isa = XCBuildConfiguration;
			buildSettings = {
				ALWAYS_SEARCH_USER_PATHS = NO;
				CLANG_ANALYZER_LOCALIZABILITY_NONLOCALIZED = YES;
				CLANG_CXX_LANGUAGE_STANDARD = "c++20";
				CLANG_CXX_LIBRARY = "libc++";
				CLANG_ENABLE_MODULES = YES;
				CLANG_ENABLE_OBJC_ARC = YES;
				CLANG_WARN_BLOCK_CAPTURE_AUTORELEASING = YES;
				CLANG_WARN_BOOL_CONVERSION = YES;
				CLANG_WARN_COMMA = YES;
				CLANG_WARN_CONSTANT_CONVERSION = YES;
				CLANG_WARN_DEPRECATED_OBJC_IMPLEMENTATIONS = YES;
				CLANG_WARN_DIRECT_OBJC_ISA_USAGE = YES_ERROR;
				CLANG_WARN_EMPTY_BODY = YES;
				CLANG_WARN_ENUM_CONVERSION = YES;
				CLANG_WARN_INFINITE_RECURSION = YES;
				CLANG_WARN_INT_CONVERSION = YES;
				CLANG_WARN_NON_LITERAL_NULL_CONVERSION = YES;
				CLANG_WARN_OBJC_IMPLICIT_RETAIN_SELF = YES;
				CLANG_WARN_OBJC_LITERAL_CONVERSION = YES;
				CLANG_WARN_OBJC_ROOT_CLASS = YES_ERROR;
				CLANG_WARN_QUOTED_INCLUDE_IN_FRAMEWORK_HEADER = YES;
				CLANG_WARN_RANGE_LOOP_ANALYSIS = YES;
				CLANG_WARN_STRICT_PROTOTYPES = YES;
				CLANG_WARN_SUSPICIOUS_MOVE = YES;
				CLANG_WARN_UNREACHABLE_CODE = YES;
				CLANG_WARN__DUPLICATE_METHOD_MATCH = YES;
				"CODE_SIGN_IDENTITY[sdk=iphoneos*]" = "iPhone Developer";
				COPY_PHASE_STRIP = NO;
				ENABLE_STRICT_OBJC_MSGSEND = YES;
				ENABLE_TESTABILITY = YES;
				"EXCLUDED_ARCHS[sdk=iphonesimulator*]" = "";
				GCC_C_LANGUAGE_STANDARD = gnu99;
				GCC_DYNAMIC_NO_PIC = NO;
				GCC_NO_COMMON_BLOCKS = YES;
				GCC_OPTIMIZATION_LEVEL = 0;
				GCC_PREPROCESSOR_DEFINITIONS = (
					"DEBUG=1",
					"$(inherited)",
				);
				GCC_SYMBOLS_PRIVATE_EXTERN = NO;
				GCC_WARN_64_TO_32_BIT_CONVERSION = YES;
				GCC_WARN_ABOUT_RETURN_TYPE = YES_ERROR;
				GCC_WARN_UNDECLARED_SELECTOR = YES;
				GCC_WARN_UNINITIALIZED_AUTOS = YES_AGGRESSIVE;
				GCC_WARN_UNUSED_FUNCTION = YES;
				GCC_WARN_UNUSED_VARIABLE = YES;
				IPHONEOS_DEPLOYMENT_TARGET = 13.4;
				LD_RUNPATH_SEARCH_PATHS = (
					/usr/lib/swift,
					"$(inherited)",
				);
				LIBRARY_SEARCH_PATHS = (
					"\"$(SDKROOT)/usr/lib/swift\"",
					"\"$(TOOLCHAIN_DIR)/usr/lib/swift/$(PLATFORM_NAME)\"",
					"\"$(inherited)\"",
				);
				MTL_ENABLE_DEBUG_INFO = YES;
				ONLY_ACTIVE_ARCH = YES;
				OTHER_CPLUSPLUSFLAGS = (
					"$(OTHER_CFLAGS)",
					"-DFOLLY_NO_CONFIG",
					"-DFOLLY_MOBILE=1",
					"-DFOLLY_USE_LIBCPP=1",
					"-DFOLLY_CFG_NO_COROUTINES=1",
					"-DFOLLY_HAVE_CLOCK_GETTIME=1",
				);
				SDKROOT = iphoneos;
			};
			name = Debug;
		};
		83CBBA211A601CBA00E9B192 /* Release */ = {
			isa = XCBuildConfiguration;
			buildSettings = {
				ALWAYS_SEARCH_USER_PATHS = NO;
				CLANG_ANALYZER_LOCALIZABILITY_NONLOCALIZED = YES;
				CLANG_CXX_LANGUAGE_STANDARD = "c++20";
				CLANG_CXX_LIBRARY = "libc++";
				CLANG_ENABLE_MODULES = YES;
				CLANG_ENABLE_OBJC_ARC = YES;
				CLANG_WARN_BLOCK_CAPTURE_AUTORELEASING = YES;
				CLANG_WARN_BOOL_CONVERSION = YES;
				CLANG_WARN_COMMA = YES;
				CLANG_WARN_CONSTANT_CONVERSION = YES;
				CLANG_WARN_DEPRECATED_OBJC_IMPLEMENTATIONS = YES;
				CLANG_WARN_DIRECT_OBJC_ISA_USAGE = YES_ERROR;
				CLANG_WARN_EMPTY_BODY = YES;
				CLANG_WARN_ENUM_CONVERSION = YES;
				CLANG_WARN_INFINITE_RECURSION = YES;
				CLANG_WARN_INT_CONVERSION = YES;
				CLANG_WARN_NON_LITERAL_NULL_CONVERSION = YES;
				CLANG_WARN_OBJC_IMPLICIT_RETAIN_SELF = YES;
				CLANG_WARN_OBJC_LITERAL_CONVERSION = YES;
				CLANG_WARN_OBJC_ROOT_CLASS = YES_ERROR;
				CLANG_WARN_QUOTED_INCLUDE_IN_FRAMEWORK_HEADER = YES;
				CLANG_WARN_RANGE_LOOP_ANALYSIS = YES;
				CLANG_WARN_STRICT_PROTOTYPES = YES;
				CLANG_WARN_SUSPICIOUS_MOVE = YES;
				CLANG_WARN_UNREACHABLE_CODE = YES;
				CLANG_WARN__DUPLICATE_METHOD_MATCH = YES;
				"CODE_SIGN_IDENTITY[sdk=iphoneos*]" = "iPhone Developer";
				COPY_PHASE_STRIP = YES;
				ENABLE_NS_ASSERTIONS = NO;
				ENABLE_STRICT_OBJC_MSGSEND = YES;
				"EXCLUDED_ARCHS[sdk=iphonesimulator*]" = "";
				GCC_C_LANGUAGE_STANDARD = gnu99;
				GCC_NO_COMMON_BLOCKS = YES;
				GCC_WARN_64_TO_32_BIT_CONVERSION = YES;
				GCC_WARN_ABOUT_RETURN_TYPE = YES_ERROR;
				GCC_WARN_UNDECLARED_SELECTOR = YES;
				GCC_WARN_UNINITIALIZED_AUTOS = YES_AGGRESSIVE;
				GCC_WARN_UNUSED_FUNCTION = YES;
				GCC_WARN_UNUSED_VARIABLE = YES;
				IPHONEOS_DEPLOYMENT_TARGET = 13.4;
				LD_RUNPATH_SEARCH_PATHS = (
					/usr/lib/swift,
					"$(inherited)",
				);
				LIBRARY_SEARCH_PATHS = (
					"\"$(SDKROOT)/usr/lib/swift\"",
					"\"$(TOOLCHAIN_DIR)/usr/lib/swift/$(PLATFORM_NAME)\"",
					"\"$(inherited)\"",
				);
				MTL_ENABLE_DEBUG_INFO = NO;
				OTHER_CPLUSPLUSFLAGS = (
					"$(OTHER_CFLAGS)",
					"-DFOLLY_NO_CONFIG",
					"-DFOLLY_MOBILE=1",
					"-DFOLLY_USE_LIBCPP=1",
					"-DFOLLY_CFG_NO_COROUTINES=1",
					"-DFOLLY_HAVE_CLOCK_GETTIME=1",
				);
				SDKROOT = iphoneos;
				VALIDATE_PRODUCT = YES;
			};
			name = Release;
		};
/* End XCBuildConfiguration section */

/* Begin XCConfigurationList section */
		00E357021AD99517003FC87E /* Build configuration list for PBXNativeTarget "TMSTests" */ = {
			isa = XCConfigurationList;
			buildConfigurations = (
				00E356F61AD99517003FC87E /* Debug */,
				00E356F71AD99517003FC87E /* Release */,
			);
			defaultConfigurationIsVisible = 0;
			defaultConfigurationName = Release;
		};
		13B07F931A680F5B00A75B9A /* Build configuration list for PBXNativeTarget "TMS" */ = {
			isa = XCConfigurationList;
			buildConfigurations = (
				13B07F941A680F5B00A75B9A /* Debug */,
				13B07F951A680F5B00A75B9A /* Release */,
			);
			defaultConfigurationIsVisible = 0;
			defaultConfigurationName = Release;
		};
		83CBB9FA1A601CBA00E9B192 /* Build configuration list for PBXProject "TMS" */ = {
			isa = XCConfigurationList;
			buildConfigurations = (
				83CBBA201A601CBA00E9B192 /* Debug */,
				83CBBA211A601CBA00E9B192 /* Release */,
			);
			defaultConfigurationIsVisible = 0;
			defaultConfigurationName = Release;
		};
/* End XCConfigurationList section */
	};
	rootObject = 83CBB9F71A601CBA00E9B192 /* Project object */;
}
